Microsoft Visual Studio Solution File, Format Version 7.00
Project("{8BC9CEB8-8B4A-11D0-8D11-00A0C91BC942}") = "Cal", "Cal.vcproj", "{C290A965-5EB8-4A24-BB69-E786F935AF7D}"
EndProject
Global
	GlobalSection(SolutionConfiguration) = preSolution
		ConfigName.0 = Debug
		ConfigName.1 = Release
	EndGlobalSection
	GlobalSection(ProjectDependencies) = postSolution
	EndGlobalSection
	GlobalSection(ProjectConfiguration) = postSolution
		{C290A965-5EB8-4A24-BB69-E786F935AF7D}.Debug.ActiveCfg = Debug|Win32
		{C290A965-5EB8-4A24-BB69-E786F935AF7D}.Debug.Build.0 = Debug|Win32
		{C290A965-5EB8-4A24-BB69-E786F935AF7D}.Release.ActiveCfg = Release|Win32
		{C290A965-5EB8-4A24-BB69-E786F935AF7D}.Release.Build.0 = Release|Win32
	EndGlobalSection
	GlobalSection(ExtensibilityGlobals) = postSolution
	EndGlobalSection
	GlobalSection(ExtensibilityAddIns) = postSolution
	EndGlobalSection
EndGlobal
